// !$*UTF8*$!
{
	archiveVersion = 1;
	classes = {
	};
	objectVersion = 50;
	objects = {

/* Begin PBXBuildFile section */
		E51A583022C502C5002660C8 /* AppDelegate.swift in Sources */ = {isa = PBXBuildFile; fileRef = E51A582F22C502C5002660C8 /* AppDelegate.swift */; };
		E51A583222C502C5002660C8 /* ViewController.swift in Sources */ = {isa = PBXBuildFile; fileRef = E51A583122C502C5002660C8 /* ViewController.swift */; };
		E51A583522C502C5002660C8 /* Main.storyboard in Resources */ = {isa = PBXBuildFile; fileRef = E51A583322C502C5002660C8 /* Main.storyboard */; };
		E51A583822C502C5002660C8 /* CatchKenny.xcdatamodeld in Sources */ = {isa = PBXBuildFile; fileRef = E51A583622C502C5002660C8 /* CatchKenny.xcdatamodeld */; };
		E51A583A22C502C6002660C8 /* Assets.xcassets in Resources */ = {isa = PBXBuildFile; fileRef = E51A583922C502C6002660C8 /* Assets.xcassets */; };
		E51A583D22C502C6002660C8 /* LaunchScreen.storyboard in Resources */ = {isa = PBXBuildFile; fileRef = E51A583B22C502C6002660C8 /* LaunchScreen.storyboard */; };
		E51A584822C502C6002660C8 /* CatchKennyTests.swift in Sources */ = {isa = PBXBuildFile; fileRef = E51A584722C502C6002660C8 /* CatchKennyTests.swift */; };
		E51A585322C502C6002660C8 /* CatchKennyUITests.swift in Sources */ = {isa = PBXBuildFile; fileRef = E51A585222C502C6002660C8 /* CatchKennyUITests.swift */; };
		E51A586122C502DD002660C8 /* Kenny.png in Resources */ = {isa = PBXBuildFile; fileRef = E51A586022C502DD002660C8 /* Kenny.png */; };
/* End PBXBuildFile section */

/* Begin PBXContainerItemProxy section */
		E51A584422C502C6002660C8 /* PBXContainerItemProxy */ = {
			isa = PBXContainerItemProxy;
			containerPortal = E51A582422C502C5002660C8 /* Project object */;
			proxyType = 1;
			remoteGlobalIDString = E51A582B22C502C5002660C8;
			remoteInfo = CatchKenny;
		};
		E51A584F22C502C6002660C8 /* PBXContainerItemProxy */ = {
			isa = PBXContainerItemProxy;
			containerPortal = E51A582422C502C5002660C8 /* Project object */;
			proxyType = 1;
			remoteGlobalIDString = E51A582B22C502C5002660C8;
			remoteInfo = CatchKenny;
		};
/* End PBXContainerItemProxy section */

/* Begin PBXFileReference section */
		E51A582C22C502C5002660C8 /* CatchKenny.app */ = {isa = PBXFileReference; explicitFileType = wrapper.application; includeInIndex = 0; path = CatchKenny.app; sourceTree = BUILT_PRODUCTS_DIR; };
		E51A582F22C502C5002660C8 /* AppDelegate.swift */ = {isa = PBXFileReference; lastKnownFileType = sourcecode.swift; path = AppDelegate.swift; sourceTree = "<group>"; };
		E51A583122C502C5002660C8 /* ViewController.swift */ = {isa = PBXFileReference; lastKnownFileType = sourcecode.swift; path = ViewController.swift; sourceTree = "<group>"; };
		E51A583422C502C5002660C8 /* Base */ = {isa = PBXFileReference; lastKnownFileType = file.storyboard; name = Base; path = Base.lproj/Main.storyboard; sourceTree = "<group>"; };
		E51A583722C502C5002660C8 /* CatchKenny.xcdatamodel */ = {isa = PBXFileReference; lastKnownFileType = wrapper.xcdatamodel; path = CatchKenny.xcdatamodel; sourceTree = "<group>"; };
		E51A583922C502C6002660C8 /* Assets.xcassets */ = {isa = PBXFileReference; lastKnownFileType = folder.assetcatalog; path = Assets.xcassets; sourceTree = "<group>"; };
		E51A583C22C502C6002660C8 /* Base */ = {isa = PBXFileReference; lastKnownFileType = file.storyboard; name = Base; path = Base.lproj/LaunchScreen.storyboard; sourceTree = "<group>"; };
		E51A583E22C502C6002660C8 /* Info.plist */ = {isa = PBXFileReference; lastKnownFileType = text.plist.xml; path = Info.plist; sourceTree = "<group>"; };
		E51A584322C502C6002660C8 /* CatchKennyTests.xctest */ = {isa = PBXFileReference; explicitFileType = wrapper.cfbundle; includeInIndex = 0; path = CatchKennyTests.xctest; sourceTree = BUILT_PRODUCTS_DIR; };
		E51A584722C502C6002660C8 /* CatchKennyTests.swift */ = {isa = PBXFileReference; lastKnownFileType = sourcecode.swift; path = CatchKennyTests.swift; sourceTree = "<group>"; };
		E51A584922C502C6002660C8 /* Info.plist */ = {isa = PBXFileReference; lastKnownFileType = text.plist.xml; path = Info.plist; sourceTree = "<group>"; };
		E51A584E22C502C6002660C8 /* CatchKennyUITests.xctest */ = {isa = PBXFileReference; explicitFileType = wrapper.cfbundle; includeInIndex = 0; path = CatchKennyUITests.xctest; sourceTree = BUILT_PRODUCTS_DIR; };
		E51A585222C502C6002660C8 /* CatchKennyUITests.swift */ = {isa = PBXFileReference; lastKnownFileType = sourcecode.swift; path = CatchKennyUITests.swift; sourceTree = "<group>"; };
		E51A585422C502C6002660C8 /* Info.plist */ = {isa = PBXFileReference; lastKnownFileType = text.plist.xml; path = Info.plist; sourceTree = "<group>"; };
		E51A586022C502DD002660C8 /* Kenny.png */ = {isa = PBXFileReference; lastKnownFileType = image.png; path = Kenny.png; sourceTree = "<group>"; };
/* End PBXFileReference section */

/* Begin PBXFrameworksBuildPhase section */
		E51A582922C502C5002660C8 /* Frameworks */ = {
			isa = PBXFrameworksBuildPhase;
			buildActionMask = 2147483647;
			files = (
			);
			runOnlyForDeploymentPostprocessing = 0;
		};
		E51A584022C502C6002660C8 /* Frameworks */ = {
			isa = PBXFrameworksBuildPhase;
			buildActionMask = 2147483647;
			files = (
			);
			runOnlyForDeploymentPostprocessing = 0;
		};
		E51A584B22C502C6002660C8 /* Frameworks */ = {
			isa = PBXFrameworksBuildPhase;
			buildActionMask = 2147483647;
			files = (
			);
			runOnlyForDeploymentPostprocessing = 0;
		};
/* End PBXFrameworksBuildPhase section */

/* Begin PBXGroup section */
		E51A582322C502C5002660C8 = {
			isa = PBXGroup;
			children = (
				E51A582E22C502C5002660C8 /* CatchKenny */,
				E51A584622C502C6002660C8 /* CatchKennyTests */,
				E51A585122C502C6002660C8 /* CatchKennyUITests */,
				E51A582D22C502C5002660C8 /* Products */,
			);
			sourceTree = "<group>";
		};
		E51A582D22C502C5002660C8 /* Products */ = {
			isa = PBXGroup;
			children = (
				E51A582C22C502C5002660C8 /* CatchKenny.app */,
				E51A584322C502C6002660C8 /* CatchKennyTests.xctest */,
				E51A584E22C502C6002660C8 /* CatchKennyUITests.xctest */,
			);
			name = Products;
			sourceTree = "<group>";
		};
		E51A582E22C502C5002660C8 /* CatchKenny */ = {
			isa = PBXGroup;
			children = (
				E51A586022C502DD002660C8 /* Kenny.png */,
				E51A582F22C502C5002660C8 /* AppDelegate.swift */,
				E51A583122C502C5002660C8 /* ViewController.swift */,
				E51A583322C502C5002660C8 /* Main.storyboard */,
				E51A583922C502C6002660C8 /* Assets.xcassets */,
				E51A583B22C502C6002660C8 /* LaunchScreen.storyboard */,
				E51A583E22C502C6002660C8 /* Info.plist */,
				E51A583622C502C5002660C8 /* CatchKenny.xcdatamodeld */,
			);
			path = CatchKenny;
			sourceTree = "<group>";
		};
		E51A584622C502C6002660C8 /* CatchKennyTests */ = {
			isa = PBXGroup;
			children = (
				E51A584722C502C6002660C8 /* CatchKennyTests.swift */,
				E51A584922C502C6002660C8 /* Info.plist */,
			);
			path = CatchKennyTests;
			sourceTree = "<group>";
		};
		E51A585122C502C6002660C8 /* CatchKennyUITests */ = {
			isa = PBXGroup;
			children = (
				E51A585222C502C6002660C8 /* CatchKennyUITests.swift */,
				E51A585422C502C6002660C8 /* Info.plist */,
			);
			path = CatchKennyUITests;
			sourceTree = "<group>";
		};
/* End PBXGroup section */

/* Begin PBXNativeTarget section */
		E51A582B22C502C5002660C8 /* CatchKenny */ = {
			isa = PBXNativeTarget;
			buildConfigurationList = E51A585722C502C6002660C8 /* Build configuration list for PBXNativeTarget "CatchKenny" */;
			buildPhases = (
				E51A582822C502C5002660C8 /* Sources */,
				E51A582922C502C5002660C8 /* Frameworks */,
				E51A582A22C502C5002660C8 /* Resources */,
			);
			buildRules = (
			);
			dependencies = (
			);
			name = CatchKenny;
			productName = CatchKenny;
			productReference = E51A582C22C502C5002660C8 /* CatchKenny.app */;
			productType = "com.apple.product-type.application";
		};
		E51A584222C502C6002660C8 /* CatchKennyTests */ = {
			isa = PBXNativeTarget;
			buildConfigurationList = E51A585A22C502C6002660C8 /* Build configuration list for PBXNativeTarget "CatchKennyTests" */;
			buildPhases = (
				E51A583F22C502C6002660C8 /* Sources */,
				E51A584022C502C6002660C8 /* Frameworks */,
				E51A584122C502C6002660C8 /* Resources */,
			);
			buildRules = (
			);
			dependencies = (
				E51A584522C502C6002660C8 /* PBXTargetDependency */,
			);
			name = CatchKennyTests;
			productName = CatchKennyTests;
			productReference = E51A584322C502C6002660C8 /* CatchKennyTests.xctest */;
			productType = "com.apple.product-type.bundle.unit-test";
		};
		E51A584D22C502C6002660C8 /* CatchKennyUITests */ = {
			isa = PBXNativeTarget;
			buildConfigurationList = E51A585D22C502C6002660C8 /* Build configuration list for PBXNativeTarget "CatchKennyUITests" */;
			buildPhases = (
				E51A584A22C502C6002660C8 /* Sources */,
				E51A584B22C502C6002660C8 /* Frameworks */,
				E51A584C22C502C6002660C8 /* Resources */,
			);
			buildRules = (
			);
			dependencies = (
				E51A585022C502C6002660C8 /* PBXTargetDependency */,
			);
			name = CatchKennyUITests;
			productName = CatchKennyUITests;
			productReference = E51A584E22C502C6002660C8 /* CatchKennyUITests.xctest */;
			productType = "com.apple.product-type.bundle.ui-testing";
		};
/* End PBXNativeTarget section */

/* Begin PBXProject section */
		E51A582422C502C5002660C8 /* Project object */ = {
			isa = PBXProject;
			attributes = {
				LastSwiftUpdateCheck = 1020;
				LastUpgradeCheck = 1020;
				ORGANIZATIONNAME = "Erim Şengezer";
				TargetAttributes = {
					E51A582B22C502C5002660C8 = {
						CreatedOnToolsVersion = 10.2.1;
					};
					E51A584222C502C6002660C8 = {
						CreatedOnToolsVersion = 10.2.1;
						TestTargetID = E51A582B22C502C5002660C8;
					};
					E51A584D22C502C6002660C8 = {
						CreatedOnToolsVersion = 10.2.1;
						TestTargetID = E51A582B22C502C5002660C8;
					};
				};
			};
			buildConfigurationList = E51A582722C502C5002660C8 /* Build configuration list for PBXProject "CatchKenny" */;
			compatibilityVersion = "Xcode 9.3";
			developmentRegion = en;
			hasScannedForEncodings = 0;
			knownRegions = (
				en,
				Base,
			);
			mainGroup = E51A582322C502C5002660C8;
			productRefGroup = E51A582D22C502C5002660C8 /* Products */;
			projectDirPath = "";
			projectRoot = "";
			targets = (
				E51A582B22C502C5002660C8 /* CatchKenny */,
				E51A584222C502C6002660C8 /* CatchKennyTests */,
				E51A584D22C502C6002660C8 /* CatchKennyUITests */,
			);
		};
/* End PBXProject section */

/* Begin PBXResourcesBuildPhase section */
		E51A582A22C502C5002660C8 /* Resources */ = {
			isa = PBXResourcesBuildPhase;
			buildActionMask = 2147483647;
			files = (
				E51A583D22C502C6002660C8 /* LaunchScreen.storyboard in Resources */,
				E51A586122C502DD002660C8 /* Kenny.png in Resources */,
				E51A583A22C502C6002660C8 /* Assets.xcassets in Resources */,
				E51A583522C502C5002660C8 /* Main.storyboard in Resources */,
			);
			runOnlyForDeploymentPostprocessing = 0;
		};
		E51A584122C502C6002660C8 /* Resources */ = {
			isa = PBXResourcesBuildPhase;
			buildActionMask = 2147483647;
			files = (
			);
			runOnlyForDeploymentPostprocessing = 0;
		};
		E51A584C22C502C6002660C8 /* Resources */ = {
			isa = PBXResourcesBuildPhase;
			buildActionMask = 2147483647;
			files = (
			);
			runOnlyForDeploymentPostprocessing = 0;
		};
/* End PBXResourcesBuildPhase section */

/* Begin PBXSourcesBuildPhase section */
		E51A582822C502C5002660C8 /* Sources */ = {
			isa = PBXSourcesBuildPhase;
			buildActionMask = 2147483647;
			files = (
				E51A583222C502C5002660C8 /* ViewController.swift in Sources */,
				E51A583822C502C5002660C8 /* CatchKenny.xcdatamodeld in Sources */,
				E51A583022C502C5002660C8 /* AppDelegate.swift in Sources */,
			);
			runOnlyForDeploymentPostprocessing = 0;
		};
		E51A583F22C502C6002660C8 /* Sources */ = {
			isa = PBXSourcesBuildPhase;
			buildActionMask = 2147483647;
			files = (
				E51A584822C502C6002660C8 /* CatchKennyTests.swift in Sources */,
			);
			runOnlyForDeploymentPostprocessing = 0;
		};
		E51A584A22C502C6002660C8 /* Sources */ = {
			isa = PBXSourcesBuildPhase;
			buildActionMask = 2147483647;
			files = (
				E51A585322C502C6002660C8 /* CatchKennyUITests.swift in Sources */,
			);
			runOnlyForDeploymentPostprocessing = 0;
		};
/* End PBXSourcesBuildPhase section */

/* Begin PBXTargetDependency section */
		E51A584522C502C6002660C8 /* PBXTargetDependency */ = {
			isa = PBXTargetDependency;
			target = E51A582B22C502C5002660C8 /* CatchKenny */;
			targetProxy = E51A584422C502C6002660C8 /* PBXContainerItemProxy */;
		};
		E51A585022C502C6002660C8 /* PBXTargetDependency */ = {
			isa = PBXTargetDependency;
			target = E51A582B22C502C5002660C8 /* CatchKenny */;
			targetProxy = E51A584F22C502C6002660C8 /* PBXContainerItemProxy */;
		};
/* End PBXTargetDependency section */

/* Begin PBXVariantGroup section */
		E51A583322C502C5002660C8 /* Main.storyboard */ = {
			isa = PBXVariantGroup;
			children = (
				E51A583422C502C5002660C8 /* Base */,
			);
			name = Main.storyboard;
			sourceTree = "<group>";
		};
		E51A583B22C502C6002660C8 /* LaunchScreen.storyboard */ = {
			isa = PBXVariantGroup;
			children = (
				E51A583C22C502C6002660C8 /* Base */,
			);
			name = LaunchScreen.storyboard;
			sourceTree = "<group>";
		};
/* End PBXVariantGroup section */

/* Begin XCBuildConfiguration section */
		E51A585522C502C6002660C8 /* Debug */ = {
			isa = XCBuildConfiguration;
			buildSettings = {
				ALWAYS_SEARCH_USER_PATHS = NO;
				CLANG_ANALYZER_NONNULL = YES;
				CLANG_ANALYZER_NUMBER_OBJECT_CONVERSION = YES_AGGRESSIVE;
				CLANG_CXX_LANGUAGE_STANDARD = "gnu++14";
				CLANG_CXX_LIBRARY = "libc++";
				CLANG_ENABLE_MODULES = YES;
				CLANG_ENABLE_OBJC_ARC = YES;
				CLANG_ENABLE_OBJC_WEAK = YES;
				CLANG_WARN_BLOCK_CAPTURE_AUTORELEASING = YES;
				CLANG_WARN_BOOL_CONVERSION = YES;
				CLANG_WARN_COMMA = YES;
				CLANG_WARN_CONSTANT_CONVERSION = YES;
				CLANG_WARN_DEPRECATED_OBJC_IMPLEMENTATIONS = YES;
				CLANG_WARN_DIRECT_OBJC_ISA_USAGE = YES_ERROR;
				CLANG_WARN_DOCUMENTATION_COMMENTS = YES;
				CLANG_WARN_EMPTY_BODY = YES;
				CLANG_WARN_ENUM_CONVERSION = YES;
				CLANG_WARN_INFINITE_RECURSION = YES;
				CLANG_WARN_INT_CONVERSION = YES;
				CLANG_WARN_NON_LITERAL_NULL_CONVERSION = YES;
				CLANG_WARN_OBJC_IMPLICIT_RETAIN_SELF = YES;
				CLANG_WARN_OBJC_LITERAL_CONVERSION = YES;
				CLANG_WARN_OBJC_ROOT_CLASS = YES_ERROR;
				CLANG_WARN_RANGE_LOOP_ANALYSIS = YES;
				CLANG_WARN_STRICT_PROTOTYPES = YES;
				CLANG_WARN_SUSPICIOUS_MOVE = YES;
				CLANG_WARN_UNGUARDED_AVAILABILITY = YES_AGGRESSIVE;
				CLANG_WARN_UNREACHABLE_CODE = YES;
				CLANG_WARN__DUPLICATE_METHOD_MATCH = YES;
				CODE_SIGN_IDENTITY = "iPhone Developer";
				COPY_PHASE_STRIP = NO;
				DEBUG_INFORMATION_FORMAT = dwarf;
				ENABLE_STRICT_OBJC_MSGSEND = YES;
				ENABLE_TESTABILITY = YES;
				GCC_C_LANGUAGE_STANDARD = gnu11;
				GCC_DYNAMIC_NO_PIC = NO;
				GCC_NO_COMMON_BLOCKS = YES;
				GCC_OPTIMIZATION_LEVEL = 0;
				GCC_PREPROCESSOR_DEFINITIONS = (
					"DEBUG=1",
					"$(inherited)",
				);
				GCC_WARN_64_TO_32_BIT_CONVERSION = YES;
				GCC_WARN_ABOUT_RETURN_TYPE = YES_ERROR;
				GCC_WARN_UNDECLARED_SELECTOR = YES;
				GCC_WARN_UNINITIALIZED_AUTOS = YES_AGGRESSIVE;
				GCC_WARN_UNUSED_FUNCTION = YES;
				GCC_WARN_UNUSED_VARIABLE = YES;
				IPHONEOS_DEPLOYMENT_TARGET = 12.2;
				MTL_ENABLE_DEBUG_INFO = INCLUDE_SOURCE;
				MTL_FAST_MATH = YES;
				ONLY_ACTIVE_ARCH = YES;
				SDKROOT = iphoneos;
				SWIFT_ACTIVE_COMPILATION_CONDITIONS = DEBUG;
				SWIFT_OPTIMIZATION_LEVEL = "-Onone";
			};
			name = Debug;
		};
		E51A585622C502C6002660C8 /* Release */ = {
			isa = XCBuildConfiguration;
			buildSettings = {
				ALWAYS_SEARCH_USER_PATHS = NO;
				CLANG_ANALYZER_NONNULL = YES;
				CLANG_ANALYZER_NUMBER_OBJECT_CONVERSION = YES_AGGRESSIVE;
				CLANG_CXX_LANGUAGE_STANDARD = "gnu++14";
				CLANG_CXX_LIBRARY = "libc++";
				CLANG_ENABLE_MODULES = YES;
				CLANG_ENABLE_OBJC_ARC = YES;
				CLANG_ENABLE_OBJC_WEAK = YES;
				CLANG_WARN_BLOCK_CAPTURE_AUTORELEASING = YES;
				CLANG_WARN_BOOL_CONVERSION = YES;
				CLANG_WARN_COMMA = YES;
				CLANG_WARN_CONSTANT_CONVERSION = YES;
				CLANG_WARN_DEPRECATED_OBJC_IMPLEMENTATIONS = YES;
				CLANG_WARN_DIRECT_OBJC_ISA_USAGE = YES_ERROR;
				CLANG_WARN_DOCUMENTATION_COMMENTS = YES;
				CLANG_WARN_EMPTY_BODY = YES;
				CLANG_WARN_ENUM_CONVERSION = YES;
				CLANG_WARN_INFINITE_RECURSION = YES;
				CLANG_WARN_INT_CONVERSION = YES;
				CLANG_WARN_NON_LITERAL_NULL_CONVERSION = YES;
				CLANG_WARN_OBJC_IMPLICIT_RETAIN_SELF = YES;
				CLANG_WARN_OBJC_LITERAL_CONVERSION = YES;
				CLANG_WARN_OBJC_ROOT_CLASS = YES_ERROR;
				CLANG_WARN_RANGE_LOOP_ANALYSIS = YES;
				CLANG_WARN_STRICT_PROTOTYPES = YES;
				CLANG_WARN_SUSPICIOUS_MOVE = YES;
				CLANG_WARN_UNGUARDED_AVAILABILITY = YES_AGGRESSIVE;
				CLANG_WARN_UNREACHABLE_CODE = YES;
				CLANG_WARN__DUPLICATE_METHOD_MATCH = YES;
				CODE_SIGN_IDENTITY = "iPhone Developer";
				COPY_PHASE_STRIP = NO;
				DEBUG_INFORMATION_FORMAT = "dwarf-with-dsym";
				ENABLE_NS_ASSERTIONS = NO;
				ENABLE_STRICT_OBJC_MSGSEND = YES;
				GCC_C_LANGUAGE_STANDARD = gnu11;
				GCC_NO_COMMON_BLOCKS = YES;
				GCC_WARN_64_TO_32_BIT_CONVERSION = YES;
				GCC_WARN_ABOUT_RETURN_TYPE = YES_ERROR;
				GCC_WARN_UNDECLARED_SELECTOR = YES;
				GCC_WARN_UNINITIALIZED_AUTOS = YES_AGGRESSIVE;
				GCC_WARN_UNUSED_FUNCTION = YES;
				GCC_WARN_UNUSED_VARIABLE = YES;
				IPHONEOS_DEPLOYMENT_TARGET = 12.2;
				MTL_ENABLE_DEBUG_INFO = NO;
				MTL_FAST_MATH = YES;
				SDKROOT = iphoneos;
				SWIFT_COMPILATION_MODE = wholemodule;
				SWIFT_OPTIMIZATION_LEVEL = "-O";
				VALIDATE_PRODUCT = YES;
			};
			name = Release;
		};
		E51A585822C502C6002660C8 /* Debug */ = {
			isa = XCBuildConfiguration;
			buildSettings = {
				ASSETCATALOG_COMPILER_APPICON_NAME = AppIcon;
				CODE_SIGN_STYLE = Automatic;
				DEVELOPMENT_TEAM = 2A5XAKZYWS;
				INFOPLIST_FILE = CatchKenny/Info.plist;
				LD_RUNPATH_SEARCH_PATHS = (
					"$(inherited)",
					"@executable_path/Frameworks",
				);
				PRODUCT_BUNDLE_IDENTIFIER = com.erimsengezer.CatchKenny;
				PRODUCT_NAME = "$(TARGET_NAME)";
				SWIFT_VERSION = 5.0;
				TARGETED_DEVICE_FAMILY = "1,2";
			};
			name = Debug;
		};
		E51A585922C502C6002660C8 /* Release */ = {
			isa = XCBuildConfiguration;
			buildSettings = {
				ASSETCATALOG_COMPILER_APPICON_NAME = AppIcon;
				CODE_SIGN_STYLE = Automatic;
				DEVELOPMENT_TEAM = 2A5XAKZYWS;
				INFOPLIST_FILE = CatchKenny/Info.plist;
				LD_RUNPATH_SEARCH_PATHS = (
					"$(inherited)",
					"@executable_path/Frameworks",
				);
				PRODUCT_BUNDLE_IDENTIFIER = com.erimsengezer.CatchKenny;
				PRODUCT_NAME = "$(TARGET_NAME)";
				SWIFT_VERSION = 5.0;
				TARGETED_DEVICE_FAMILY = "1,2";
			};
			name = Release;
		};
		E51A585B22C502C6002660C8 /* Debug */ = {
			isa = XCBuildConfiguration;
			buildSettings = {
				ALWAYS_EMBED_SWIFT_STANDARD_LIBRARIES = YES;
				BUNDLE_LOADER = "$(TEST_HOST)";
				CODE_SIGN_STYLE = Automatic;
				DEVELOPMENT_TEAM = 2A5XAKZYWS;
				INFOPLIST_FILE = CatchKennyTests/Info.plist;
				LD_RUNPATH_SEARCH_PATHS = (
					"$(inherited)",
					"@executable_path/Frameworks",
					"@loader_path/Frameworks",
				);
				PRODUCT_BUNDLE_IDENTIFIER = com.erimsengezer.CatchKennyTests;
				PRODUCT_NAME = "$(TARGET_NAME)";
				SWIFT_VERSION = 5.0;
				TARGETED_DEVICE_FAMILY = "1,2";
				TEST_HOST = "$(BUILT_PRODUCTS_DIR)/CatchKenny.app/CatchKenny";
			};
			name = Debug;
		};
		E51A585C22C502C6002660C8 /* Release */ = {
			isa = XCBuildConfiguration;
			buildSettings = {
				ALWAYS_EMBED_SWIFT_STANDARD_LIBRARIES = YES;
				BUNDLE_LOADER = "$(TEST_HOST)";
				CODE_SIGN_STYLE = Automatic;
				DEVELOPMENT_TEAM = 2A5XAKZYWS;
				INFOPLIST_FILE = CatchKennyTests/Info.plist;
				LD_RUNPATH_SEARCH_PATHS = (
					"$(inherited)",
					"@executable_path/Frameworks",
					"@loader_path/Frameworks",
				);
				PRODUCT_BUNDLE_IDENTIFIER = com.erimsengezer.CatchKennyTests;
				PRODUCT_NAME = "$(TARGET_NAME)";
				SWIFT_VERSION = 5.0;
				TARGETED_DEVICE_FAMILY = "1,2";
				TEST_HOST = "$(BUILT_PRODUCTS_DIR)/CatchKenny.app/CatchKenny";
			};
			name = Release;
		};
		E51A585E22C502C6002660C8 /* Debug */ = {
			isa = XCBuildConfiguration;
			buildSettings = {
				ALWAYS_EMBED_SWIFT_STANDARD_LIBRARIES = YES;
				CODE_SIGN_STYLE = Automatic;
				DEVELOPMENT_TEAM = 2A5XAKZYWS;
				INFOPLIST_FILE = CatchKennyUITests/Info.plist;
				LD_RUNPATH_SEARCH_PATHS = (
					"$(inherited)",
					"@executable_path/Frameworks",
					"@loader_path/Frameworks",
				);
				PRODUCT_BUNDLE_IDENTIFIER = com.erimsengezer.CatchKennyUITests;
				PRODUCT_NAME = "$(TARGET_NAME)";
				SWIFT_VERSION = 5.0;
				TARGETED_DEVICE_FAMILY = "1,2";
				TEST_TARGET_NAME = CatchKenny;
			};
			name = Debug;
		};
		E51A585F22C502C6002660C8 /* Release */ = {
			isa = XCBuildConfiguration;
			buildSettings = {
				ALWAYS_EMBED_SWIFT_STANDARD_LIBRARIES = YES;
				CODE_SIGN_STYLE = Automatic;
				DEVELOPMENT_TEAM = 2A5XAKZYWS;
				INFOPLIST_FILE = CatchKennyUITests/Info.plist;
				LD_RUNPATH_SEARCH_PATHS = (
					"$(inherited)",
					"@executable_path/Frameworks",
					"@loader_path/Frameworks",
				);
				PRODUCT_BUNDLE_IDENTIFIER = com.erimsengezer.CatchKennyUITests;
				PRODUCT_NAME = "$(TARGET_NAME)";
				SWIFT_VERSION = 5.0;
				TARGETED_DEVICE_FAMILY = "1,2";
				TEST_TARGET_NAME = CatchKenny;
			};
			name = Release;
		};
/* End XCBuildConfiguration section */

/* Begin XCConfigurationList section */
		E51A582722C502C5002660C8 /* Build configuration list for PBXProject "CatchKenny" */ = {
			isa = XCConfigurationList;
			buildConfigurations = (
				E51A585522C502C6002660C8 /* Debug */,
				E51A585622C502C6002660C8 /* Release */,
			);
			defaultConfigurationIsVisible = 0;
			defaultConfigurationName = Release;
		};
		E51A585722C502C6002660C8 /* Build configuration list for PBXNativeTarget "CatchKenny" */ = {
			isa = XCConfigurationList;
			buildConfigurations = (
				E51A585822C502C6002660C8 /* Debug */,
				E51A585922C502C6002660C8 /* Release */,
			);
			defaultConfigurationIsVisible = 0;
			defaultConfigurationName = Release;
		};
		E51A585A22C502C6002660C8 /* Build configuration list for PBXNativeTarget "CatchKennyTests" */ = {
			isa = XCConfigurationList;
			buildConfigurations = (
				E51A585B22C502C6002660C8 /* Debug */,
				E51A585C22C502C6002660C8 /* Release */,
			);
			defaultConfigurationIsVisible = 0;
			defaultConfigurationName = Release;
		};
		E51A585D22C502C6002660C8 /* Build configuration list for PBXNativeTarget "CatchKennyUITests" */ = {
			isa = XCConfigurationList;
			buildConfigurations = (
				E51A585E22C502C6002660C8 /* Debug */,
				E51A585F22C502C6002660C8 /* Release */,
			);
			defaultConfigurationIsVisible = 0;
			defaultConfigurationName = Release;
		};
/* End XCConfigurationList section */

/* Begin XCVersionGroup section */
		E51A583622C502C5002660C8 /* CatchKenny.xcdatamodeld */ = {
			isa = XCVersionGroup;
			children = (
				E51A583722C502C5002660C8 /* CatchKenny.xcdatamodel */,
			);
			currentVersion = E51A583722C502C5002660C8 /* CatchKenny.xcdatamodel */;
			path = CatchKenny.xcdatamodeld;
			sourceTree = "<group>";
			versionGroupType = wrapper.xcdatamodel;
		};
/* End XCVersionGroup section */
	};
	rootObject = E51A582422C502C5002660C8 /* Project object */;
}
